
Microsoft Visual Studio Solution File, Format Version 12.00
# Visual Studio Version 17
VisualStudioVersion = 17.5.33530.505
MinimumVisualStudioVersion = 10.0.40219.1
Project("{9A19103F-16F7-4668-BE54-9A1E7A4F7556}") = "App", "App.csproj", "{F2DC3D7A-72F8-480B-8E97-7C2B05D45D98}"
EndProject
Global
	GlobalSection(SolutionConfigurationPlatforms) = preSolution
		Debug|Any CPU = Debug|Any CPU
		Release|Any CPU = Release|Any CPU
	EndGlobalSection
	GlobalSection(ProjectConfigurationPlatforms) = postSolution
		{F2DC3D7A-72F8-480B-8E97-7C2B05D45D98}.Debug|Any CPU.ActiveCfg = Debug|Any CPU
		{F2DC3D7A-72F8-480B-8E97-7C2B05D45D98}.Debug|Any CPU.Build.0 = Debug|Any CPU
		{F2DC3D7A-72F8-480B-8E97-7C2B05D45D98}.Release|Any CPU.ActiveCfg = Release|Any CPU
		{F2DC3D7A-72F8-480B-8E97-7C2B05D45D98}.Release|Any CPU.Build.0 = Release|Any CPU
	EndGlobalSection
	GlobalSection(SolutionProperties) = preSolution
		HideSolutionNode = FALSE
	EndGlobalSection
	GlobalSection(ExtensibilityGlobals) = postSolution
		SolutionGuid = {5EE95E79-682D-41A2-8745-2F06A5889F8A}
	EndGlobalSection
EndGlobal
